
Microsoft Visual Studio Solution File, Format Version 12.00
# Visual Studio 15
VisualStudioVersion = 15.0.27428.2043
MinimumVisualStudioVersion = 10.0.40219.1
Project("{FAE04EC0-301F-11D3-BF4B-00C04F79EFBC}") = "CS108DesktopDemo", "CS108DesktopDemo\CS108DesktopDemo.csproj", "{38139270-F40E-43CA-91A5-C8CC4C4F4D7D}"
EndProject
Project("{FAE04EC0-301F-11D3-BF4B-00C04F79EFBC}") = "CSLibrary-DESKTOP", "CSLibrary\CSLibrary-DESKTOP.csproj", "{3F5D0D75-9455-4797-9F63-28BE05221609}"
EndProject
Global
	GlobalSection(SolutionConfigurationPlatforms) = preSolution
		Debug|Any CPU = Debug|Any CPU
		Release|Any CPU = Release|Any CPU
	EndGlobalSection
	GlobalSection(ProjectConfigurationPlatforms) = postSolution
		{38139270-F40E-43CA-91A5-C8CC4C4F4D7D}.Debug|Any CPU.ActiveCfg = Debug|Any CPU
		{38139270-F40E-43CA-91A5-C8CC4C4F4D7D}.Debug|Any CPU.Build.0 = Debug|Any CPU
		{38139270-F40E-43CA-91A5-C8CC4C4F4D7D}.Release|Any CPU.ActiveCfg = Release|Any CPU
		{38139270-F40E-43CA-91A5-C8CC4C4F4D7D}.Release|Any CPU.Build.0 = Release|Any CPU
		{3F5D0D75-9455-4797-9F63-28BE05221609}.Debug|Any CPU.ActiveCfg = Debug|Any CPU
		{3F5D0D75-9455-4797-9F63-28BE05221609}.Debug|Any CPU.Build.0 = Debug|Any CPU
		{3F5D0D75-9455-4797-9F63-28BE05221609}.Release|Any CPU.ActiveCfg = Release|Any CPU
		{3F5D0D75-9455-4797-9F63-28BE05221609}.Release|Any CPU.Build.0 = Release|Any CPU
	EndGlobalSection
	GlobalSection(SolutionProperties) = preSolution
		HideSolutionNode = FALSE
	EndGlobalSection
	GlobalSection(ExtensibilityGlobals) = postSolution
		SolutionGuid = {674A7C63-B6D4-4757-9719-5014C26108AD}
	EndGlobalSection
EndGlobal
